
Microsoft Visual Studio Solution File, Format Version 12.00
# Visual Studio Version 17
VisualStudioVersion = 17.4.33122.133
MinimumVisualStudioVersion = 10.0.40219.1
Project("{FAE04EC0-301F-11D3-BF4B-00C04F79EFBC}") = "ExportSelectedAs", "ExportSelectedAs\ExportSelectedAs.csproj", "{B552D667-940B-4A06-9724-FA336E925CDF}"
EndProject
Global
	GlobalSection(SolutionConfigurationPlatforms) = preSolution
		Debug|Any CPU = Debug|Any CPU
		Release|Any CPU = Release|Any CPU
	EndGlobalSection
	GlobalSection(ProjectConfigurationPlatforms) = postSolution
		{B552D667-940B-4A06-9724-FA336E925CDF}.Debug|Any CPU.ActiveCfg = Debug|Any CPU
		{B552D667-940B-4A06-9724-FA336E925CDF}.Debug|Any CPU.Build.0 = Debug|Any CPU
		{B552D667-940B-4A06-9724-FA336E925CDF}.Release|Any CPU.ActiveCfg = Release|Any CPU
		{B552D667-940B-4A06-9724-FA336E925CDF}.Release|Any CPU.Build.0 = Release|Any CPU
	EndGlobalSection
	GlobalSection(SolutionProperties) = preSolution
		HideSolutionNode = FALSE
	EndGlobalSection
	GlobalSection(ExtensibilityGlobals) = postSolution
		SolutionGuid = {49A1D0CB-69F2-4628-9BD6-F187F98990B8}
	EndGlobalSection
EndGlobal
